
Microsoft Visual Studio Solution File, Format Version 12.00
# Visual Studio 15
VisualStudioVersion = 15.0.26124.0
MinimumVisualStudioVersion = 15.0.26124.0
Project("{FAE04EC0-301F-11D3-BF4B-00C04F79EFBC}") = "PizzaWorldPro.Domain", "PizzaWorldPro.Domain\PizzaWorldPro.Domain.csproj", "{8926CEE0-283E-4DDF-ABF4-D6A9E80D95B0}"
EndProject
Project("{FAE04EC0-301F-11D3-BF4B-00C04F79EFBC}") = "PizzaWorldPro.MVCClient", "PizzaWorldPro.MVCClient\PizzaWorldPro.MVCClient.csproj", "{6EF5CC81-FE11-4E9D-B04B-42454556EE33}"
EndProject
Project("{FAE04EC0-301F-11D3-BF4B-00C04F79EFBC}") = "PizzaWorldPro.Storing", "PizzaWorldPro.Storing\PizzaWorldPro.Storing.csproj", "{96F35B5A-6651-4F4D-A32E-75625954E40A}"
EndProject
Project("{FAE04EC0-301F-11D3-BF4B-00C04F79EFBC}") = "PizzaWorldPro.Testing", "PizzaWorldPro.Testing\PizzaWorldPro.Testing.csproj", "{51B75CC8-E9AF-4AF1-AF21-C6FB218ED335}"
EndProject
Global
	GlobalSection(SolutionConfigurationPlatforms) = preSolution
		Debug|Any CPU = Debug|Any CPU
		Debug|x64 = Debug|x64
		Debug|x86 = Debug|x86
		Release|Any CPU = Release|Any CPU
		Release|x64 = Release|x64
		Release|x86 = Release|x86
	EndGlobalSection
	GlobalSection(SolutionProperties) = preSolution
		HideSolutionNode = FALSE
	EndGlobalSection
	GlobalSection(ProjectConfigurationPlatforms) = postSolution
		{8926CEE0-283E-4DDF-ABF4-D6A9E80D95B0}.Debug|Any CPU.ActiveCfg = Debug|Any CPU
		{8926CEE0-283E-4DDF-ABF4-D6A9E80D95B0}.Debug|Any CPU.Build.0 = Debug|Any CPU
		{8926CEE0-283E-4DDF-ABF4-D6A9E80D95B0}.Debug|x64.ActiveCfg = Debug|Any CPU
		{8926CEE0-283E-4DDF-ABF4-D6A9E80D95B0}.Debug|x64.Build.0 = Debug|Any CPU
		{8926CEE0-283E-4DDF-ABF4-D6A9E80D95B0}.Debug|x86.ActiveCfg = Debug|Any CPU
		{8926CEE0-283E-4DDF-ABF4-D6A9E80D95B0}.Debug|x86.Build.0 = Debug|Any CPU
		{8926CEE0-283E-4DDF-ABF4-D6A9E80D95B0}.Release|Any CPU.ActiveCfg = Release|Any CPU
		{8926CEE0-283E-4DDF-ABF4-D6A9E80D95B0}.Release|Any CPU.Build.0 = Release|Any CPU
		{8926CEE0-283E-4DDF-ABF4-D6A9E80D95B0}.Release|x64.ActiveCfg = Release|Any CPU
		{8926CEE0-283E-4DDF-ABF4-D6A9E80D95B0}.Release|x64.Build.0 = Release|Any CPU
		{8926CEE0-283E-4DDF-ABF4-D6A9E80D95B0}.Release|x86.ActiveCfg = Release|Any CPU
		{8926CEE0-283E-4DDF-ABF4-D6A9E80D95B0}.Release|x86.Build.0 = Release|Any CPU
		{6EF5CC81-FE11-4E9D-B04B-42454556EE33}.Debug|Any CPU.ActiveCfg = Debug|Any CPU
		{6EF5CC81-FE11-4E9D-B04B-42454556EE33}.Debug|Any CPU.Build.0 = Debug|Any CPU
		{6EF5CC81-FE11-4E9D-B04B-42454556EE33}.Debug|x64.ActiveCfg = Debug|Any CPU
		{6EF5CC81-FE11-4E9D-B04B-42454556EE33}.Debug|x64.Build.0 = Debug|Any CPU
		{6EF5CC81-FE11-4E9D-B04B-42454556EE33}.Debug|x86.ActiveCfg = Debug|Any CPU
		{6EF5CC81-FE11-4E9D-B04B-42454556EE33}.Debug|x86.Build.0 = Debug|Any CPU
		{6EF5CC81-FE11-4E9D-B04B-42454556EE33}.Release|Any CPU.ActiveCfg = Release|Any CPU
		{6EF5CC81-FE11-4E9D-B04B-42454556EE33}.Release|Any CPU.Build.0 = Release|Any CPU
		{6EF5CC81-FE11-4E9D-B04B-42454556EE33}.Release|x64.ActiveCfg = Release|Any CPU
		{6EF5CC81-FE11-4E9D-B04B-42454556EE33}.Release|x64.Build.0 = Release|Any CPU
		{6EF5CC81-FE11-4E9D-B04B-42454556EE33}.Release|x86.ActiveCfg = Release|Any CPU
		{6EF5CC81-FE11-4E9D-B04B-42454556EE33}.Release|x86.Build.0 = Release|Any CPU
		{96F35B5A-6651-4F4D-A32E-75625954E40A}.Debug|Any CPU.ActiveCfg = Debug|Any CPU
		{96F35B5A-6651-4F4D-A32E-75625954E40A}.Debug|Any CPU.Build.0 = Debug|Any CPU
		{96F35B5A-6651-4F4D-A32E-75625954E40A}.Debug|x64.ActiveCfg = Debug|Any CPU
		{96F35B5A-6651-4F4D-A32E-75625954E40A}.Debug|x64.Build.0 = Debug|Any CPU
		{96F35B5A-6651-4F4D-A32E-75625954E40A}.Debug|x86.ActiveCfg = Debug|Any CPU
		{96F35B5A-6651-4F4D-A32E-75625954E40A}.Debug|x86.Build.0 = Debug|Any CPU
		{96F35B5A-6651-4F4D-A32E-75625954E40A}.Release|Any CPU.ActiveCfg = Release|Any CPU
		{96F35B5A-6651-4F4D-A32E-75625954E40A}.Release|Any CPU.Build.0 = Release|Any CPU
		{96F35B5A-6651-4F4D-A32E-75625954E40A}.Release|x64.ActiveCfg = Release|Any CPU
		{96F35B5A-6651-4F4D-A32E-75625954E40A}.Release|x64.Build.0 = Release|Any CPU
		{96F35B5A-6651-4F4D-A32E-75625954E40A}.Release|x86.ActiveCfg = Release|Any CPU
		{96F35B5A-6651-4F4D-A32E-75625954E40A}.Release|x86.Build.0 = Release|Any CPU
		{51B75CC8-E9AF-4AF1-AF21-C6FB218ED335}.Debug|Any CPU.ActiveCfg = Debug|Any CPU
		{51B75CC8-E9AF-4AF1-AF21-C6FB218ED335}.Debug|Any CPU.Build.0 = Debug|Any CPU
		{51B75CC8-E9AF-4AF1-AF21-C6FB218ED335}.Debug|x64.ActiveCfg = Debug|Any CPU
		{51B75CC8-E9AF-4AF1-AF21-C6FB218ED335}.Debug|x64.Build.0 = Debug|Any CPU
		{51B75CC8-E9AF-4AF1-AF21-C6FB218ED335}.Debug|x86.ActiveCfg = Debug|Any CPU
		{51B75CC8-E9AF-4AF1-AF21-C6FB218ED335}.Debug|x86.Build.0 = Debug|Any CPU
		{51B75CC8-E9AF-4AF1-AF21-C6FB218ED335}.Release|Any CPU.ActiveCfg = Release|Any CPU
		{51B75CC8-E9AF-4AF1-AF21-C6FB218ED335}.Release|Any CPU.Build.0 = Release|Any CPU
		{51B75CC8-E9AF-4AF1-AF21-C6FB218ED335}.Release|x64.ActiveCfg = Release|Any CPU
		{51B75CC8-E9AF-4AF1-AF21-C6FB218ED335}.Release|x64.Build.0 = Release|Any CPU
		{51B75CC8-E9AF-4AF1-AF21-C6FB218ED335}.Release|x86.ActiveCfg = Release|Any CPU
		{51B75CC8-E9AF-4AF1-AF21-C6FB218ED335}.Release|x86.Build.0 = Release|Any CPU
	EndGlobalSection
EndGlobal
